
Microsoft Visual Studio Solution File, Format Version 12.00
# Visual Studio Version 16
VisualStudioVersion = 16.0.31321.278
MinimumVisualStudioVersion = 10.0.40219.1
Project("{9A19103F-16F7-4668-BE54-9A1E7A4F7556}") = "API_Restful_CRUD", "API_Restful_CRUD.csproj", "{45F70670-F375-4063-9A8E-C6836F5CB374}"
EndProject
Project("{FAE04EC0-301F-11D3-BF4B-00C04F79EFBC}") = "consumiendoMVcCrud", "..\consumiendoMVcCrud\consumiendoMVcCrud.csproj", "{8EC494B4-0F78-46A4-9192-A2E114DBDDA8}"
EndProject
Global
	GlobalSection(SolutionConfigurationPlatforms) = preSolution
		Debug|Any CPU = Debug|Any CPU
		Release|Any CPU = Release|Any CPU
	EndGlobalSection
	GlobalSection(ProjectConfigurationPlatforms) = postSolution
		{45F70670-F375-4063-9A8E-C6836F5CB374}.Debug|Any CPU.ActiveCfg = Debug|Any CPU
		{45F70670-F375-4063-9A8E-C6836F5CB374}.Debug|Any CPU.Build.0 = Debug|Any CPU
		{45F70670-F375-4063-9A8E-C6836F5CB374}.Release|Any CPU.ActiveCfg = Release|Any CPU
		{45F70670-F375-4063-9A8E-C6836F5CB374}.Release|Any CPU.Build.0 = Release|Any CPU
		{8EC494B4-0F78-46A4-9192-A2E114DBDDA8}.Debug|Any CPU.ActiveCfg = Debug|Any CPU
		{8EC494B4-0F78-46A4-9192-A2E114DBDDA8}.Debug|Any CPU.Build.0 = Debug|Any CPU
		{8EC494B4-0F78-46A4-9192-A2E114DBDDA8}.Release|Any CPU.ActiveCfg = Release|Any CPU
		{8EC494B4-0F78-46A4-9192-A2E114DBDDA8}.Release|Any CPU.Build.0 = Release|Any CPU
	EndGlobalSection
	GlobalSection(SolutionProperties) = preSolution
		HideSolutionNode = FALSE
	EndGlobalSection
	GlobalSection(ExtensibilityGlobals) = postSolution
		SolutionGuid = {B00A63F5-7460-4E47-A432-32B3760FD615}
	EndGlobalSection
EndGlobal
